schema: '2.0'
stages:
  stage_01:
    cmd: python stage_01.py
    deps:
    - path: stage_01.py
      md5: 40a67fb5a7da3dcfbf98f1c816e77a95
      size: 74
    outs:
    - path: artifacts01.txt
      md5: a414cbd4f18181f88bf0def92bd9851a
      size: 10
  stage_02:
    cmd: python stage_02.py
    deps:
    - path: artifacts01.txt
      md5: a414cbd4f18181f88bf0def92bd9851a
      size: 10
    - path: stage_02.py
      md5: 134e35393716c5050f7ce2f61ebba1f2
      size: 70
  stage_03:
    cmd: python stage_03.py
    deps:
    - path: artifacts01.txt
      md5: a414cbd4f18181f88bf0def92bd9851a
      size: 10
    - path: stage_03.py
      md5: 30b9b1dc5a35308d3b305cf26e53fcab
      size: 168
    outs:
    - path: artifacts02.txt
      md5: db03c0d56f088d12e97a13c3e3e5f94c
      size: 21
